
Microsoft Visual Studio Solution File, Format Version 12.00
# Visual Studio Version 16
VisualStudioVersion = 16.0.30804.86
MinimumVisualStudioVersion = 10.0.40219.1
Project("{2150E333-8FDC-42A3-9474-1A3956D46DE8}") = "Creational", "Creational", "{90C268DD-9110-40BC-A940-D24596F0EA66}"
EndProject
Project("{2150E333-8FDC-42A3-9474-1A3956D46DE8}") = "Behavioral", "Behavioral", "{260A4ED3-2AD8-449F-B2B8-1D9BB709DC06}"
EndProject
Project("{2150E333-8FDC-42A3-9474-1A3956D46DE8}") = "Structural", "Structural", "{C6446D31-E6A7-4319-8B5C-2DC90AB330B6}"
EndProject
Project("{9A19103F-16F7-4668-BE54-9A1E7A4F7556}") = "CommandPattern", "CommandPattern\CommandPattern.csproj", "{9851B151-CB12-4F5F-B989-A0BAAE94D062}"
EndProject
Project("{9A19103F-16F7-4668-BE54-9A1E7A4F7556}") = "MediatorPattern", "MediatorPattern\MediatorPattern.csproj", "{1B93422B-8602-448D-8CF0-FA0C30C88E2C}"
EndProject
Project("{9A19103F-16F7-4668-BE54-9A1E7A4F7556}") = "VisitorPattern", "VisitorPattern\VisitorPattern.csproj", "{5CFCBD61-259C-46C2-BB28-B4CD3B0B4D74}"
EndProject
Project("{9A19103F-16F7-4668-BE54-9A1E7A4F7556}") = "ChainOfReposibilityPattern", "ChainOfReposibilityPattern\ChainOfReposibilityPattern.csproj", "{EC3D018E-2410-4986-8874-844D69C65147}"
EndProject
Project("{9A19103F-16F7-4668-BE54-9A1E7A4F7556}") = "StrategyPattern", "StrategyPattern\StrategyPattern.csproj", "{807D5771-4C05-424F-A153-A3999876CB27}"
EndProject
Project("{9A19103F-16F7-4668-BE54-9A1E7A4F7556}") = "StatePattern", "StatePattern\StatePattern.csproj", "{6B93A283-623B-4535-AABA-04A82F67B11B}"
EndProject
Project("{9A19103F-16F7-4668-BE54-9A1E7A4F7556}") = "MementoPattern", "MementoPattern\MementoPattern.csproj", "{31147C2F-9513-44E6-87D4-95CA0BD76ABD}"
EndProject
Project("{9A19103F-16F7-4668-BE54-9A1E7A4F7556}") = "IteratorPattern", "IteratorPattern\IteratorPattern.csproj", "{F71D88A9-5D72-4C78-A38B-497A36A07602}"
EndProject
Project("{9A19103F-16F7-4668-BE54-9A1E7A4F7556}") = "ObserverPattern", "ObserverPattern\ObserverPattern.csproj", "{0729F306-B41A-46BD-B07A-01EC5C451480}"
EndProject
Project("{9A19103F-16F7-4668-BE54-9A1E7A4F7556}") = "TemplatePattern", "TemplatePattern\TemplatePattern.csproj", "{88136408-4EFB-4AD9-B857-2E165B07E482}"
EndProject
Project("{FAE04EC0-301F-11D3-BF4B-00C04F79EFBC}") = "AdapterPattern", "AdapterPattern\AdapterPattern.csproj", "{FE1A8107-1E5E-454A-9C93-0389079F6B4E}"
EndProject
Project("{FAE04EC0-301F-11D3-BF4B-00C04F79EFBC}") = "BridgePattern", "BridgePattern\BridgePattern.csproj", "{8AD771C5-9134-4785-9FB5-9EB5EB439F55}"
EndProject
Project("{FAE04EC0-301F-11D3-BF4B-00C04F79EFBC}") = "CompositePattern", "CompositePattern\CompositePattern.csproj", "{81C57B39-BDC1-4410-B30F-066D9A50B09C}"
EndProject
Project("{FAE04EC0-301F-11D3-BF4B-00C04F79EFBC}") = "DecoratorPattern", "DecoratorPattern\DecoratorPattern.csproj", "{E991CBE5-CCE3-4E65-BAF2-B795BDFEE6CD}"
EndProject
Project("{FAE04EC0-301F-11D3-BF4B-00C04F79EFBC}") = "FacadePattern", "FacadePattern\FacadePattern.csproj", "{C34A646C-D48F-426C-B34A-1846ECD00D40}"
EndProject
Project("{FAE04EC0-301F-11D3-BF4B-00C04F79EFBC}") = "FlyWeightPattern", "FlyWeightPattern\FlyWeightPattern.csproj", "{866A5CE0-4C61-430E-ABAA-12484FEF991B}"
EndProject
Project("{FAE04EC0-301F-11D3-BF4B-00C04F79EFBC}") = "ProxyPattern", "ProxyPattern\ProxyPattern.csproj", "{EE52090C-14EB-4178-BD2D-9A9022541393}"
EndProject
Global
	GlobalSection(SolutionConfigurationPlatforms) = preSolution
		Debug|Any CPU = Debug|Any CPU
		Release|Any CPU = Release|Any CPU
	EndGlobalSection
	GlobalSection(ProjectConfigurationPlatforms) = postSolution
		{9851B151-CB12-4F5F-B989-A0BAAE94D062}.Debug|Any CPU.ActiveCfg = Debug|Any CPU
		{9851B151-CB12-4F5F-B989-A0BAAE94D062}.Debug|Any CPU.Build.0 = Debug|Any CPU
		{9851B151-CB12-4F5F-B989-A0BAAE94D062}.Release|Any CPU.ActiveCfg = Release|Any CPU
		{9851B151-CB12-4F5F-B989-A0BAAE94D062}.Release|Any CPU.Build.0 = Release|Any CPU
		{1B93422B-8602-448D-8CF0-FA0C30C88E2C}.Debug|Any CPU.ActiveCfg = Debug|Any CPU
		{1B93422B-8602-448D-8CF0-FA0C30C88E2C}.Debug|Any CPU.Build.0 = Debug|Any CPU
		{1B93422B-8602-448D-8CF0-FA0C30C88E2C}.Release|Any CPU.ActiveCfg = Release|Any CPU
		{1B93422B-8602-448D-8CF0-FA0C30C88E2C}.Release|Any CPU.Build.0 = Release|Any CPU
		{5CFCBD61-259C-46C2-BB28-B4CD3B0B4D74}.Debug|Any CPU.ActiveCfg = Debug|Any CPU
		{5CFCBD61-259C-46C2-BB28-B4CD3B0B4D74}.Debug|Any CPU.Build.0 = Debug|Any CPU
		{5CFCBD61-259C-46C2-BB28-B4CD3B0B4D74}.Release|Any CPU.ActiveCfg = Release|Any CPU
		{5CFCBD61-259C-46C2-BB28-B4CD3B0B4D74}.Release|Any CPU.Build.0 = Release|Any CPU
		{EC3D018E-2410-4986-8874-844D69C65147}.Debug|Any CPU.ActiveCfg = Debug|Any CPU
		{EC3D018E-2410-4986-8874-844D69C65147}.Debug|Any CPU.Build.0 = Debug|Any CPU
		{EC3D018E-2410-4986-8874-844D69C65147}.Release|Any CPU.ActiveCfg = Release|Any CPU
		{EC3D018E-2410-4986-8874-844D69C65147}.Release|Any CPU.Build.0 = Release|Any CPU
		{807D5771-4C05-424F-A153-A3999876CB27}.Debug|Any CPU.ActiveCfg = Debug|Any CPU
		{807D5771-4C05-424F-A153-A3999876CB27}.Debug|Any CPU.Build.0 = Debug|Any CPU
		{807D5771-4C05-424F-A153-A3999876CB27}.Release|Any CPU.ActiveCfg = Release|Any CPU
		{807D5771-4C05-424F-A153-A3999876CB27}.Release|Any CPU.Build.0 = Release|Any CPU
		{6B93A283-623B-4535-AABA-04A82F67B11B}.Debug|Any CPU.ActiveCfg = Debug|Any CPU
		{6B93A283-623B-4535-AABA-04A82F67B11B}.Debug|Any CPU.Build.0 = Debug|Any CPU
		{6B93A283-623B-4535-AABA-04A82F67B11B}.Release|Any CPU.ActiveCfg = Release|Any CPU
		{6B93A283-623B-4535-AABA-04A82F67B11B}.Release|Any CPU.Build.0 = Release|Any CPU
		{31147C2F-9513-44E6-87D4-95CA0BD76ABD}.Debug|Any CPU.ActiveCfg = Debug|Any CPU
		{31147C2F-9513-44E6-87D4-95CA0BD76ABD}.Debug|Any CPU.Build.0 = Debug|Any CPU
		{31147C2F-9513-44E6-87D4-95CA0BD76ABD}.Release|Any CPU.ActiveCfg = Release|Any CPU
		{31147C2F-9513-44E6-87D4-95CA0BD76ABD}.Release|Any CPU.Build.0 = Release|Any CPU
		{F71D88A9-5D72-4C78-A38B-497A36A07602}.Debug|Any CPU.ActiveCfg = Debug|Any CPU
		{F71D88A9-5D72-4C78-A38B-497A36A07602}.Debug|Any CPU.Build.0 = Debug|Any CPU
		{F71D88A9-5D72-4C78-A38B-497A36A07602}.Release|Any CPU.ActiveCfg = Release|Any CPU
		{F71D88A9-5D72-4C78-A38B-497A36A07602}.Release|Any CPU.Build.0 = Release|Any CPU
		{0729F306-B41A-46BD-B07A-01EC5C451480}.Debug|Any CPU.ActiveCfg = Debug|Any CPU
		{0729F306-B41A-46BD-B07A-01EC5C451480}.Debug|Any CPU.Build.0 = Debug|Any CPU
		{0729F306-B41A-46BD-B07A-01EC5C451480}.Release|Any CPU.ActiveCfg = Release|Any CPU
		{0729F306-B41A-46BD-B07A-01EC5C451480}.Release|Any CPU.Build.0 = Release|Any CPU
		{88136408-4EFB-4AD9-B857-2E165B07E482}.Debug|Any CPU.ActiveCfg = Debug|Any CPU
		{88136408-4EFB-4AD9-B857-2E165B07E482}.Debug|Any CPU.Build.0 = Debug|Any CPU
		{88136408-4EFB-4AD9-B857-2E165B07E482}.Release|Any CPU.ActiveCfg = Release|Any CPU
		{88136408-4EFB-4AD9-B857-2E165B07E482}.Release|Any CPU.Build.0 = Release|Any CPU
		{FE1A8107-1E5E-454A-9C93-0389079F6B4E}.Debug|Any CPU.ActiveCfg = Debug|Any CPU
		{FE1A8107-1E5E-454A-9C93-0389079F6B4E}.Debug|Any CPU.Build.0 = Debug|Any CPU
		{FE1A8107-1E5E-454A-9C93-0389079F6B4E}.Release|Any CPU.ActiveCfg = Release|Any CPU
		{FE1A8107-1E5E-454A-9C93-0389079F6B4E}.Release|Any CPU.Build.0 = Release|Any CPU
		{8AD771C5-9134-4785-9FB5-9EB5EB439F55}.Debug|Any CPU.ActiveCfg = Debug|Any CPU
		{8AD771C5-9134-4785-9FB5-9EB5EB439F55}.Debug|Any CPU.Build.0 = Debug|Any CPU
		{8AD771C5-9134-4785-9FB5-9EB5EB439F55}.Release|Any CPU.ActiveCfg = Release|Any CPU
		{8AD771C5-9134-4785-9FB5-9EB5EB439F55}.Release|Any CPU.Build.0 = Release|Any CPU
		{81C57B39-BDC1-4410-B30F-066D9A50B09C}.Debug|Any CPU.ActiveCfg = Debug|Any CPU
		{81C57B39-BDC1-4410-B30F-066D9A50B09C}.Debug|Any CPU.Build.0 = Debug|Any CPU
		{81C57B39-BDC1-4410-B30F-066D9A50B09C}.Release|Any CPU.ActiveCfg = Release|Any CPU
		{81C57B39-BDC1-4410-B30F-066D9A50B09C}.Release|Any CPU.Build.0 = Release|Any CPU
		{E991CBE5-CCE3-4E65-BAF2-B795BDFEE6CD}.Debug|Any CPU.ActiveCfg = Debug|Any CPU
		{E991CBE5-CCE3-4E65-BAF2-B795BDFEE6CD}.Debug|Any CPU.Build.0 = Debug|Any CPU
		{E991CBE5-CCE3-4E65-BAF2-B795BDFEE6CD}.Release|Any CPU.ActiveCfg = Release|Any CPU
		{E991CBE5-CCE3-4E65-BAF2-B795BDFEE6CD}.Release|Any CPU.Build.0 = Release|Any CPU
		{C34A646C-D48F-426C-B34A-1846ECD00D40}.Debug|Any CPU.ActiveCfg = Debug|Any CPU
		{C34A646C-D48F-426C-B34A-1846ECD00D40}.Debug|Any CPU.Build.0 = Debug|Any CPU
		{C34A646C-D48F-426C-B34A-1846ECD00D40}.Release|Any CPU.ActiveCfg = Release|Any CPU
		{C34A646C-D48F-426C-B34A-1846ECD00D40}.Release|Any CPU.Build.0 = Release|Any CPU
		{866A5CE0-4C61-430E-ABAA-12484FEF991B}.Debug|Any CPU.ActiveCfg = Debug|Any CPU
		{866A5CE0-4C61-430E-ABAA-12484FEF991B}.Debug|Any CPU.Build.0 = Debug|Any CPU
		{866A5CE0-4C61-430E-ABAA-12484FEF991B}.Release|Any CPU.ActiveCfg = Release|Any CPU
		{866A5CE0-4C61-430E-ABAA-12484FEF991B}.Release|Any CPU.Build.0 = Release|Any CPU
		{EE52090C-14EB-4178-BD2D-9A9022541393}.Debug|Any CPU.ActiveCfg = Debug|Any CPU
		{EE52090C-14EB-4178-BD2D-9A9022541393}.Debug|Any CPU.Build.0 = Debug|Any CPU
		{EE52090C-14EB-4178-BD2D-9A9022541393}.Release|Any CPU.ActiveCfg = Release|Any CPU
		{EE52090C-14EB-4178-BD2D-9A9022541393}.Release|Any CPU.Build.0 = Release|Any CPU
	EndGlobalSection
	GlobalSection(SolutionProperties) = preSolution
		HideSolutionNode = FALSE
	EndGlobalSection
	GlobalSection(NestedProjects) = preSolution
		{9851B151-CB12-4F5F-B989-A0BAAE94D062} = {260A4ED3-2AD8-449F-B2B8-1D9BB709DC06}
		{1B93422B-8602-448D-8CF0-FA0C30C88E2C} = {260A4ED3-2AD8-449F-B2B8-1D9BB709DC06}
		{5CFCBD61-259C-46C2-BB28-B4CD3B0B4D74} = {260A4ED3-2AD8-449F-B2B8-1D9BB709DC06}
		{EC3D018E-2410-4986-8874-844D69C65147} = {260A4ED3-2AD8-449F-B2B8-1D9BB709DC06}
		{807D5771-4C05-424F-A153-A3999876CB27} = {260A4ED3-2AD8-449F-B2B8-1D9BB709DC06}
		{6B93A283-623B-4535-AABA-04A82F67B11B} = {260A4ED3-2AD8-449F-B2B8-1D9BB709DC06}
		{31147C2F-9513-44E6-87D4-95CA0BD76ABD} = {260A4ED3-2AD8-449F-B2B8-1D9BB709DC06}
		{F71D88A9-5D72-4C78-A38B-497A36A07602} = {260A4ED3-2AD8-449F-B2B8-1D9BB709DC06}
		{0729F306-B41A-46BD-B07A-01EC5C451480} = {260A4ED3-2AD8-449F-B2B8-1D9BB709DC06}
		{88136408-4EFB-4AD9-B857-2E165B07E482} = {260A4ED3-2AD8-449F-B2B8-1D9BB709DC06}
		{FE1A8107-1E5E-454A-9C93-0389079F6B4E} = {C6446D31-E6A7-4319-8B5C-2DC90AB330B6}
		{8AD771C5-9134-4785-9FB5-9EB5EB439F55} = {C6446D31-E6A7-4319-8B5C-2DC90AB330B6}
		{81C57B39-BDC1-4410-B30F-066D9A50B09C} = {C6446D31-E6A7-4319-8B5C-2DC90AB330B6}
		{E991CBE5-CCE3-4E65-BAF2-B795BDFEE6CD} = {C6446D31-E6A7-4319-8B5C-2DC90AB330B6}
		{C34A646C-D48F-426C-B34A-1846ECD00D40} = {C6446D31-E6A7-4319-8B5C-2DC90AB330B6}
		{866A5CE0-4C61-430E-ABAA-12484FEF991B} = {C6446D31-E6A7-4319-8B5C-2DC90AB330B6}
		{EE52090C-14EB-4178-BD2D-9A9022541393} = {C6446D31-E6A7-4319-8B5C-2DC90AB330B6}
	EndGlobalSection
	GlobalSection(ExtensibilityGlobals) = postSolution
		SolutionGuid = {191619A4-F5EE-4432-B92F-5AC8964CB02F}
	EndGlobalSection
EndGlobal
