
Microsoft Visual Studio Solution File, Format Version 12.00
# Visual Studio Version 16
VisualStudioVersion = 16.0.30804.86
MinimumVisualStudioVersion = 10.0.40219.1
Project("{2150E333-8FDC-42A3-9474-1A3956D46DE8}") = "Creational", "Creational", "{90C268DD-9110-40BC-A940-D24596F0EA66}"
EndProject
Project("{2150E333-8FDC-42A3-9474-1A3956D46DE8}") = "Behavioral", "Behavioral", "{260A4ED3-2AD8-449F-B2B8-1D9BB709DC06}"
EndProject
Project("{2150E333-8FDC-42A3-9474-1A3956D46DE8}") = "Structural", "Structural", "{C6446D31-E6A7-4319-8B5C-2DC90AB330B6}"
EndProject
Project("{9A19103F-16F7-4668-BE54-9A1E7A4F7556}") = "CommandPattern", "CommandPattern\CommandPattern.csproj", "{9851B151-CB12-4F5F-B989-A0BAAE94D062}"
EndProject
Project("{FAE04EC0-301F-11D3-BF4B-00C04F79EFBC}") = "MediatorPattern", "MediatorPattern\MediatorPattern.csproj", "{1B93422B-8602-448D-8CF0-FA0C30C88E2C}"
EndProject
Project("{FAE04EC0-301F-11D3-BF4B-00C04F79EFBC}") = "VisitorPattern", "VisitorPattern\VisitorPattern.csproj", "{5CFCBD61-259C-46C2-BB28-B4CD3B0B4D74}"
EndProject
Global
	GlobalSection(SolutionConfigurationPlatforms) = preSolution
		Debug|Any CPU = Debug|Any CPU
		Release|Any CPU = Release|Any CPU
	EndGlobalSection
	GlobalSection(ProjectConfigurationPlatforms) = postSolution
		{9851B151-CB12-4F5F-B989-A0BAAE94D062}.Debug|Any CPU.ActiveCfg = Debug|Any CPU
		{9851B151-CB12-4F5F-B989-A0BAAE94D062}.Debug|Any CPU.Build.0 = Debug|Any CPU
		{9851B151-CB12-4F5F-B989-A0BAAE94D062}.Release|Any CPU.ActiveCfg = Release|Any CPU
		{9851B151-CB12-4F5F-B989-A0BAAE94D062}.Release|Any CPU.Build.0 = Release|Any CPU
		{1B93422B-8602-448D-8CF0-FA0C30C88E2C}.Debug|Any CPU.ActiveCfg = Debug|Any CPU
		{1B93422B-8602-448D-8CF0-FA0C30C88E2C}.Debug|Any CPU.Build.0 = Debug|Any CPU
		{1B93422B-8602-448D-8CF0-FA0C30C88E2C}.Release|Any CPU.ActiveCfg = Release|Any CPU
		{1B93422B-8602-448D-8CF0-FA0C30C88E2C}.Release|Any CPU.Build.0 = Release|Any CPU
		{5CFCBD61-259C-46C2-BB28-B4CD3B0B4D74}.Debug|Any CPU.ActiveCfg = Debug|Any CPU
		{5CFCBD61-259C-46C2-BB28-B4CD3B0B4D74}.Debug|Any CPU.Build.0 = Debug|Any CPU
		{5CFCBD61-259C-46C2-BB28-B4CD3B0B4D74}.Release|Any CPU.ActiveCfg = Release|Any CPU
		{5CFCBD61-259C-46C2-BB28-B4CD3B0B4D74}.Release|Any CPU.Build.0 = Release|Any CPU
	EndGlobalSection
	GlobalSection(SolutionProperties) = preSolution
		HideSolutionNode = FALSE
	EndGlobalSection
	GlobalSection(NestedProjects) = preSolution
		{9851B151-CB12-4F5F-B989-A0BAAE94D062} = {260A4ED3-2AD8-449F-B2B8-1D9BB709DC06}
		{1B93422B-8602-448D-8CF0-FA0C30C88E2C} = {260A4ED3-2AD8-449F-B2B8-1D9BB709DC06}
		{5CFCBD61-259C-46C2-BB28-B4CD3B0B4D74} = {260A4ED3-2AD8-449F-B2B8-1D9BB709DC06}
	EndGlobalSection
	GlobalSection(ExtensibilityGlobals) = postSolution
		SolutionGuid = {191619A4-F5EE-4432-B92F-5AC8964CB02F}
	EndGlobalSection
EndGlobal
